{
  "lockfileVersion": 1,
  "workspaces": {
    "": {
      "name": "auto-incognito",
      "devDependencies": {
        "bun": "^1.0.0",
        "jsdom": "^24.0.0",
      },
    },
  },
  "packages": {
    "@asamuzakjp/css-color": ["@asamuzakjp/css-color@3.1.1", "", { "dependencies": { "@csstools/css-calc": "^2.1.2", "@csstools/css-color-parser": "^3.0.8", "@csstools/css-parser-algorithms": "^3.0.4", "@csstools/css-tokenizer": "^3.0.3", "lru-cache": "^10.4.3" } }, "sha512-hpRD68SV2OMcZCsrbdkccTw5FXjNDLo5OuqSHyHZfwweGsDWZwDJ2+gONyNAbazZclobMirACLw0lk8WVxIqxA=="],

    "@csstools/color-helpers": ["@csstools/color-helpers@5.0.2", "", {}, "sha512-JqWH1vsgdGcw2RR6VliXXdA0/59LttzlU8UlRT/iUUsEeWfYq8I+K0yhihEUTTHLRm1EXvpsCx3083EU15ecsA=="],

    "@csstools/css-calc": ["@csstools/css-calc@2.1.2", "", { "peerDependencies": { "@csstools/css-parser-algorithms": "^3.0.4", "@csstools/css-tokenizer": "^3.0.3" } }, "sha512-TklMyb3uBB28b5uQdxjReG4L80NxAqgrECqLZFQbyLekwwlcDDS8r3f07DKqeo8C4926Br0gf/ZDe17Zv4wIuw=="],

    "@csstools/css-color-parser": ["@csstools/css-color-parser@3.0.8", "", { "dependencies": { "@csstools/color-helpers": "^5.0.2", "@csstools/css-calc": "^2.1.2" }, "peerDependencies": { "@csstools/css-parser-algorithms": "^3.0.4", "@csstools/css-tokenizer": "^3.0.3" } }, "sha512-pdwotQjCCnRPuNi06jFuP68cykU1f3ZWExLe/8MQ1LOs8Xq+fTkYgd+2V8mWUWMrOn9iS2HftPVaMZDaXzGbhQ=="],

    "@csstools/css-parser-algorithms": ["@csstools/css-parser-algorithms@3.0.4", "", { "peerDependencies": { "@csstools/css-tokenizer": "^3.0.3" } }, "sha512-Up7rBoV77rv29d3uKHUIVubz1BTcgyUK72IvCQAbfbMv584xHcGKCKbWh7i8hPrRJ7qU4Y8IO3IY9m+iTB7P3A=="],

    "@csstools/css-tokenizer": ["@csstools/css-tokenizer@3.0.3", "", {}, "sha512-UJnjoFsmxfKUdNYdWgOB0mWUypuLvAfQPH1+pyvRJs6euowbFkFC6P13w1l8mJyi3vxYMxc9kld5jZEGRQs6bw=="],

    "@oven/bun-darwin-aarch64": ["@oven/bun-darwin-aarch64@1.2.5", "", { "os": "darwin", "cpu": "arm64" }, "sha512-ggZfdpgUJ/OiWrfcfTgHeSTHcec5HAjkGrZHL9FJ/R60sydRKPYHgAgexdIoJAGfsCVAL+x7y8NSTRIAX8J4Ng=="],

    "@oven/bun-darwin-x64": ["@oven/bun-darwin-x64@1.2.5", "", { "os": "darwin", "cpu": "x64" }, "sha512-4zqyQLJB33s99KcTxH6yQqH5EYBmF1qofQTtLsToIFbIZN1NqSp/aegYiGmxO5Kj/BuWsy8Wf8MS6vX2O0o2Lw=="],

    "@oven/bun-darwin-x64-baseline": ["@oven/bun-darwin-x64-baseline@1.2.5", "", { "os": "darwin", "cpu": "x64" }, "sha512-3W1RO3/D6Z1S79J47F/DLzmK+dgkYq5hS1ShOCSBAYTTA2b1ZuymaN8avGzSb9ed5W0QfxtyeAksfEY2xUBOqA=="],

    "@oven/bun-linux-aarch64": ["@oven/bun-linux-aarch64@1.2.5", "", { "os": "linux", "cpu": "arm64" }, "sha512-NQFtAVyQyJhLYrhFVxKdh6cqrDNc60pBnBGLQSO8PU+oyFyiJ3e3gGXjLzMbxd6cJxNIK5FZ0JIq96WljKAhlg=="],

    "@oven/bun-linux-aarch64-musl": ["@oven/bun-linux-aarch64-musl@1.2.5", "", { "os": "linux", "cpu": "none" }, "sha512-URlISBOE2HQi8qdru691OYywJRwChxMfXFbk26tCgdZ01LgGAKsIjAYylefuSsPuA697imDN3Pel3D7rveusmw=="],

    "@oven/bun-linux-x64": ["@oven/bun-linux-x64@1.2.5", "", { "os": "linux", "cpu": "x64" }, "sha512-pa3kQ4cXNV0jk5aM8+Hdmxr+b4QoPVgeAIA454SN5l3hMGfNsHjczKpsz0ksInZ8506iMMTCPEBXpyQJcSme+Q=="],

    "@oven/bun-linux-x64-baseline": ["@oven/bun-linux-x64-baseline@1.2.5", "", { "os": "linux", "cpu": "x64" }, "sha512-fCm/qp7e3VYlaoRs6NIEsKubPqyxjzLv8/qZkxeLLOlPd7CS8L26UY4KPOSjA+wrhPT+Nxsyvl/EEJq2R/iauA=="],

    "@oven/bun-linux-x64-musl": ["@oven/bun-linux-x64-musl@1.2.5", "", { "os": "linux", "cpu": "x64" }, "sha512-DuU2kQnY48g9tNWjFrZqyG+U2emCBwlhOPxbuY/TMVVNSTMAcQbE/bb3s2pZdhZH5ssjc5SH/ZyWU1TePcYB2A=="],

    "@oven/bun-linux-x64-musl-baseline": ["@oven/bun-linux-x64-musl-baseline@1.2.5", "", { "os": "linux", "cpu": "x64" }, "sha512-H7tuJz7mZvOTPo4yLbIXIxkiDGWSGd2DbwGl4zNol/FURqGsKQVqpomv86yl9KCXsUUOm5FX2i5Ed+ro8N//Cg=="],

    "@oven/bun-windows-x64": ["@oven/bun-windows-x64@1.2.5", "", { "os": "win32", "cpu": "x64" }, "sha512-oNDdPmzsCyvCATiYgkKWgxOeEx2F7m/i2MGUba+YJAeVXJsJg9iPJrLVBtETvKoSAgkXViwoUEw2U25jRYsp4g=="],

    "@oven/bun-windows-x64-baseline": ["@oven/bun-windows-x64-baseline@1.2.5", "", { "os": "win32", "cpu": "x64" }, "sha512-j5FxI8FeKfWI6rEXA+1O3ASBMTp5CFcZ7MR+/aCpiBKrDse32wLaZMVGnvqQqs4y0YHUvR8b7eXHHTboezjL1w=="],

    "agent-base": ["agent-base@7.1.3", "", {}, "sha512-jRR5wdylq8CkOe6hei19GGZnxM6rBGwFl3Bg0YItGDimvjGtAvdZk4Pu6Cl4u4Igsws4a1fd1Vq3ezrhn4KmFw=="],

    "asynckit": ["asynckit@0.4.0", "", {}, "sha512-Oei9OH4tRh0YqU3GxhX79dM/mwVgvbZJaSNaRk+bshkj0S5cfHcgYakreBjrHwatXKbz+IoIdYLxrKim2MjW0Q=="],

    "bun": ["bun@1.2.5", "", { "optionalDependencies": { "@oven/bun-darwin-aarch64": "1.2.5", "@oven/bun-darwin-x64": "1.2.5", "@oven/bun-darwin-x64-baseline": "1.2.5", "@oven/bun-linux-aarch64": "1.2.5", "@oven/bun-linux-aarch64-musl": "1.2.5", "@oven/bun-linux-x64": "1.2.5", "@oven/bun-linux-x64-baseline": "1.2.5", "@oven/bun-linux-x64-musl": "1.2.5", "@oven/bun-linux-x64-musl-baseline": "1.2.5", "@oven/bun-windows-x64": "1.2.5", "@oven/bun-windows-x64-baseline": "1.2.5" }, "os": [ "linux", "win32", "darwin", ], "cpu": [ "x64", "arm64", ], "bin": { "bun": "bin/bun.exe", "bunx": "bin/bun.exe" } }, "sha512-fbQLt+DPiGUrPKdmsHRRT7cQAlfjdxPVFvLZrsUPmKiTdv+pU50ypdx9yRJluknSbyaZchFVV7Lx2KXikXKX2Q=="],

    "call-bind-apply-helpers": ["call-bind-apply-helpers@1.0.2", "", { "dependencies": { "es-errors": "^1.3.0", "function-bind": "^1.1.2" } }, "sha512-Sp1ablJ0ivDkSzjcaJdxEunN5/XvksFJ2sMBFfq6x0ryhQV/2b/KwFe21cMpmHtPOSij8K99/wSfoEuTObmuMQ=="],

    "combined-stream": ["combined-stream@1.0.8", "", { "dependencies": { "delayed-stream": "~1.0.0" } }, "sha512-FQN4MRfuJeHf7cBbBMJFXhKSDq+2kAArBlmRBvcvFE5BB1HZKXtSFASDhdlz9zOYwxh8lDdnvmMOe/+5cdoEdg=="],

    "cssstyle": ["cssstyle@4.3.0", "", { "dependencies": { "@asamuzakjp/css-color": "^3.1.1", "rrweb-cssom": "^0.8.0" } }, "sha512-6r0NiY0xizYqfBvWp1G7WXJ06/bZyrk7Dc6PHql82C/pKGUTKu4yAX4Y8JPamb1ob9nBKuxWzCGTRuGwU3yxJQ=="],

    "data-urls": ["data-urls@5.0.0", "", { "dependencies": { "whatwg-mimetype": "^4.0.0", "whatwg-url": "^14.0.0" } }, "sha512-ZYP5VBHshaDAiVZxjbRVcFJpc+4xGgT0bK3vzy1HLN8jTO975HEbuYzZJcHoQEY5K1a0z8YayJkyVETa08eNTg=="],

    "debug": ["debug@4.4.0", "", { "dependencies": { "ms": "^2.1.3" } }, "sha512-6WTZ/IxCY/T6BALoZHaE4ctp9xm+Z5kY/pzYaCHRFeyVhojxlrm+46y68HA6hr0TcwEssoxNiDEUJQjfPZ/RYA=="],

    "decimal.js": ["decimal.js@10.5.0", "", {}, "sha512-8vDa8Qxvr/+d94hSh5P3IJwI5t8/c0KsMp+g8bNw9cY2icONa5aPfvKeieW1WlG0WQYwwhJ7mjui2xtiePQSXw=="],

    "delayed-stream": ["delayed-stream@1.0.0", "", {}, "sha512-ZySD7Nf91aLB0RxL4KGrKHBXl7Eds1DAmEdcoVawXnLD7SDhpNgtuII2aAkg7a7QS41jxPSZ17p4VdGnMHk3MQ=="],

    "dunder-proto": ["dunder-proto@1.0.1", "", { "dependencies": { "call-bind-apply-helpers": "^1.0.1", "es-errors": "^1.3.0", "gopd": "^1.2.0" } }, "sha512-KIN/nDJBQRcXw0MLVhZE9iQHmG68qAVIBg9CqmUYjmQIhgij9U5MFvrqkUL5FbtyyzZuOeOt0zdeRe4UY7ct+A=="],

    "entities": ["entities@4.5.0", "", {}, "sha512-V0hjH4dGPh9Ao5p0MoRY6BVqtwCjhz6vI5LT8AJ55H+4g9/4vbHx1I54fS0XuclLhDHArPQCiMjDxjaL8fPxhw=="],

    "es-define-property": ["es-define-property@1.0.1", "", {}, "sha512-e3nRfgfUZ4rNGL232gUgX06QNyyez04KdjFrF+LTRoOXmrOgFKDg4BCdsjW8EnT69eqdYGmRpJwiPVYNrCaW3g=="],

    "es-errors": ["es-errors@1.3.0", "", {}, "sha512-Zf5H2Kxt2xjTvbJvP2ZWLEICxA6j+hAmMzIlypy4xcBg1vKVnx89Wy0GbS+kf5cwCVFFzdCFh2XSCFNULS6csw=="],

    "es-object-atoms": ["es-object-atoms@1.1.1", "", { "dependencies": { "es-errors": "^1.3.0" } }, "sha512-FGgH2h8zKNim9ljj7dankFPcICIK9Cp5bm+c2gQSYePhpaG5+esrLODihIorn+Pe6FGJzWhXQotPv73jTaldXA=="],

    "es-set-tostringtag": ["es-set-tostringtag@2.1.0", "", { "dependencies": { "es-errors": "^1.3.0", "get-intrinsic": "^1.2.6", "has-tostringtag": "^1.0.2", "hasown": "^2.0.2" } }, "sha512-j6vWzfrGVfyXxge+O0x5sh6cvxAog0a/4Rdd2K36zCMV5eJ+/+tOAngRO8cODMNWbVRdVlmGZQL2YS3yR8bIUA=="],

    "form-data": ["form-data@4.0.2", "", { "dependencies": { "asynckit": "^0.4.0", "combined-stream": "^1.0.8", "es-set-tostringtag": "^2.1.0", "mime-types": "^2.1.12" } }, "sha512-hGfm/slu0ZabnNt4oaRZ6uREyfCj6P4fT/n6A1rGV+Z0VdGXjfOhVUpkn6qVQONHGIFwmveGXyDs75+nr6FM8w=="],

    "function-bind": ["function-bind@1.1.2", "", {}, "sha512-7XHNxH7qX9xG5mIwxkhumTox/MIRNcOgDrxWsMt2pAr23WHp6MrRlN7FBSFpCpr+oVO0F744iUgR82nJMfG2SA=="],

    "get-intrinsic": ["get-intrinsic@1.3.0", "", { "dependencies": { "call-bind-apply-helpers": "^1.0.2", "es-define-property": "^1.0.1", "es-errors": "^1.3.0", "es-object-atoms": "^1.1.1", "function-bind": "^1.1.2", "get-proto": "^1.0.1", "gopd": "^1.2.0", "has-symbols": "^1.1.0", "hasown": "^2.0.2", "math-intrinsics": "^1.1.0" } }, "sha512-9fSjSaos/fRIVIp+xSJlE6lfwhES7LNtKaCBIamHsjr2na1BiABJPo0mOjjz8GJDURarmCPGqaiVg5mfjb98CQ=="],

    "get-proto": ["get-proto@1.0.1", "", { "dependencies": { "dunder-proto": "^1.0.1", "es-object-atoms": "^1.0.0" } }, "sha512-sTSfBjoXBp89JvIKIefqw7U2CCebsc74kiY6awiGogKtoSGbgjYE/G/+l9sF3MWFPNc9IcoOC4ODfKHfxFmp0g=="],

    "gopd": ["gopd@1.2.0", "", {}, "sha512-ZUKRh6/kUFoAiTAtTYPZJ3hw9wNxx+BIBOijnlG9PnrJsCcSjs1wyyD6vJpaYtgnzDrKYRSqf3OO6Rfa93xsRg=="],

    "has-symbols": ["has-symbols@1.1.0", "", {}, "sha512-1cDNdwJ2Jaohmb3sg4OmKaMBwuC48sYni5HUw2DvsC8LjGTLK9h+eb1X6RyuOHe4hT0ULCW68iomhjUoKUqlPQ=="],

    "has-tostringtag": ["has-tostringtag@1.0.2", "", { "dependencies": { "has-symbols": "^1.0.3" } }, "sha512-NqADB8VjPFLM2V0VvHUewwwsw0ZWBaIdgo+ieHtK3hasLz4qeCRjYcqfB6AQrBggRKppKF8L52/VqdVsO47Dlw=="],

    "hasown": ["hasown@2.0.2", "", { "dependencies": { "function-bind": "^1.1.2" } }, "sha512-0hJU9SCPvmMzIBdZFqNPXWa6dqh7WdH0cII9y+CyS8rG3nL48Bclra9HmKhVVUHyPWNH5Y7xDwAB7bfgSjkUMQ=="],

    "html-encoding-sniffer": ["html-encoding-sniffer@4.0.0", "", { "dependencies": { "whatwg-encoding": "^3.1.1" } }, "sha512-Y22oTqIU4uuPgEemfz7NDJz6OeKf12Lsu+QC+s3BVpda64lTiMYCyGwg5ki4vFxkMwQdeZDl2adZoqUgdFuTgQ=="],

    "http-proxy-agent": ["http-proxy-agent@7.0.2", "", { "dependencies": { "agent-base": "^7.1.0", "debug": "^4.3.4" } }, "sha512-T1gkAiYYDWYx3V5Bmyu7HcfcvL7mUrTWiM6yOfa3PIphViJ/gFPbvidQ+veqSOHci/PxBcDabeUNCzpOODJZig=="],

    "https-proxy-agent": ["https-proxy-agent@7.0.6", "", { "dependencies": { "agent-base": "^7.1.2", "debug": "4" } }, "sha512-vK9P5/iUfdl95AI+JVyUuIcVtd4ofvtrOr3HNtM2yxC9bnMbEdp3x01OhQNnjb8IJYi38VlTE3mBXwcfvywuSw=="],

    "iconv-lite": ["iconv-lite@0.6.3", "", { "dependencies": { "safer-buffer": ">= 2.1.2 < 3.0.0" } }, "sha512-4fCk79wshMdzMp2rH06qWrJE4iolqLhCUH+OiuIgU++RB0+94NlDL81atO7GX55uUKueo0txHNtvEyI6D7WdMw=="],

    "is-potential-custom-element-name": ["is-potential-custom-element-name@1.0.1", "", {}, "sha512-bCYeRA2rVibKZd+s2625gGnGF/t7DSqDs4dP7CrLA1m7jKWz6pps0LpYLJN8Q64HtmPKJ1hrN3nzPNKFEKOUiQ=="],

    "jsdom": ["jsdom@24.1.3", "", { "dependencies": { "cssstyle": "^4.0.1", "data-urls": "^5.0.0", "decimal.js": "^10.4.3", "form-data": "^4.0.0", "html-encoding-sniffer": "^4.0.0", "http-proxy-agent": "^7.0.2", "https-proxy-agent": "^7.0.5", "is-potential-custom-element-name": "^1.0.1", "nwsapi": "^2.2.12", "parse5": "^7.1.2", "rrweb-cssom": "^0.7.1", "saxes": "^6.0.0", "symbol-tree": "^3.2.4", "tough-cookie": "^4.1.4", "w3c-xmlserializer": "^5.0.0", "webidl-conversions": "^7.0.0", "whatwg-encoding": "^3.1.1", "whatwg-mimetype": "^4.0.0", "whatwg-url": "^14.0.0", "ws": "^8.18.0", "xml-name-validator": "^5.0.0" }, "peerDependencies": { "canvas": "^2.11.2" }, "optionalPeers": ["canvas"] }, "sha512-MyL55p3Ut3cXbeBEG7Hcv0mVM8pp8PBNWxRqchZnSfAiES1v1mRnMeFfaHWIPULpwsYfvO+ZmMZz5tGCnjzDUQ=="],

    "lru-cache": ["lru-cache@10.4.3", "", {}, "sha512-JNAzZcXrCt42VGLuYz0zfAzDfAvJWW6AfYlDBQyDV5DClI2m5sAmK+OIO7s59XfsRsWHp02jAJrRadPRGTt6SQ=="],

    "math-intrinsics": ["math-intrinsics@1.1.0", "", {}, "sha512-/IXtbwEk5HTPyEwyKX6hGkYXxM9nbj64B+ilVJnC/R6B0pH5G4V3b0pVbL7DBj4tkhBAppbQUlf6F6Xl9LHu1g=="],

    "mime-db": ["mime-db@1.52.0", "", {}, "sha512-sPU4uV7dYlvtWJxwwxHD0PuihVNiE7TyAbQ5SWxDCB9mUYvOgroQOwYQQOKPJ8CIbE+1ETVlOoK1UC2nU3gYvg=="],

    "mime-types": ["mime-types@2.1.35", "", { "dependencies": { "mime-db": "1.52.0" } }, "sha512-ZDY+bPm5zTTF+YpCrAU9nK0UgICYPT0QtT1NZWFv4s++TNkcgVaT0g6+4R2uI4MjQjzysHB1zxuWL50hzaeXiw=="],

    "ms": ["ms@2.1.3", "", {}, "sha512-6FlzubTLZG3J2a/NVCAleEhjzq5oxgHyaCU9yYXvcLsvoVaHJq/s5xXI6/XXP6tz7R9xAOtHnSO/tXtF3WRTlA=="],

    "nwsapi": ["nwsapi@2.2.19", "", {}, "sha512-94bcyI3RsqiZufXjkr3ltkI86iEl+I7uiHVDtcq9wJUTwYQJ5odHDeSzkkrRzi80jJ8MaeZgqKjH1bAWAFw9bA=="],

    "parse5": ["parse5@7.2.1", "", { "dependencies": { "entities": "^4.5.0" } }, "sha512-BuBYQYlv1ckiPdQi/ohiivi9Sagc9JG+Ozs0r7b/0iK3sKmrb0b9FdWdBbOdx6hBCM/F9Ir82ofnBhtZOjCRPQ=="],

    "psl": ["psl@1.15.0", "", { "dependencies": { "punycode": "^2.3.1" } }, "sha512-JZd3gMVBAVQkSs6HdNZo9Sdo0LNcQeMNP3CozBJb3JYC/QUYZTnKxP+f8oWRX4rHP5EurWxqAHTSwUCjlNKa1w=="],

    "punycode": ["punycode@2.3.1", "", {}, "sha512-vYt7UD1U9Wg6138shLtLOvdAu+8DsC/ilFtEVHcH+wydcSpNE20AfSOduf6MkRFahL5FY7X1oU7nKVZFtfq8Fg=="],

    "querystringify": ["querystringify@2.2.0", "", {}, "sha512-FIqgj2EUvTa7R50u0rGsyTftzjYmv/a3hO345bZNrqabNqjtgiDMgmo4mkUjd+nzU5oF3dClKqFIPUKybUyqoQ=="],

    "requires-port": ["requires-port@1.0.0", "", {}, "sha512-KigOCHcocU3XODJxsu8i/j8T9tzT4adHiecwORRQ0ZZFcp7ahwXuRU1m+yuO90C5ZUyGeGfocHDI14M3L3yDAQ=="],

    "rrweb-cssom": ["rrweb-cssom@0.7.1", "", {}, "sha512-TrEMa7JGdVm0UThDJSx7ddw5nVm3UJS9o9CCIZ72B1vSyEZoziDqBYP3XIoi/12lKrJR8rE3jeFHMok2F/Mnsg=="],

    "safer-buffer": ["safer-buffer@2.1.2", "", {}, "sha512-YZo3K82SD7Riyi0E1EQPojLz7kpepnSQI9IyPbHHg1XXXevb5dJI7tpyN2ADxGcQbHG7vcyRHk0cbwqcQriUtg=="],

    "saxes": ["saxes@6.0.0", "", { "dependencies": { "xmlchars": "^2.2.0" } }, "sha512-xAg7SOnEhrm5zI3puOOKyy1OMcMlIJZYNJY7xLBwSze0UjhPLnWfj2GF2EpT0jmzaJKIWKHLsaSSajf35bcYnA=="],

    "symbol-tree": ["symbol-tree@3.2.4", "", {}, "sha512-9QNk5KwDF+Bvz+PyObkmSYjI5ksVUYtjW7AU22r2NKcfLJcXp96hkDWU3+XndOsUb+AQ9QhfzfCT2O+CNWT5Tw=="],

    "tough-cookie": ["tough-cookie@4.1.4", "", { "dependencies": { "psl": "^1.1.33", "punycode": "^2.1.1", "universalify": "^0.2.0", "url-parse": "^1.5.3" } }, "sha512-Loo5UUvLD9ScZ6jh8beX1T6sO1w2/MpCRpEP7V280GKMVUQ0Jzar2U3UJPsrdbziLEMMhu3Ujnq//rhiFuIeag=="],

    "tr46": ["tr46@5.1.0", "", { "dependencies": { "punycode": "^2.3.1" } }, "sha512-IUWnUK7ADYR5Sl1fZlO1INDUhVhatWl7BtJWsIhwJ0UAK7ilzzIa8uIqOO/aYVWHZPJkKbEL+362wrzoeRF7bw=="],

    "universalify": ["universalify@0.2.0", "", {}, "sha512-CJ1QgKmNg3CwvAv/kOFmtnEN05f0D/cn9QntgNOQlQF9dgvVTHj3t+8JPdjqawCHk7V/KA+fbUqzZ9XWhcqPUg=="],

    "url-parse": ["url-parse@1.5.10", "", { "dependencies": { "querystringify": "^2.1.1", "requires-port": "^1.0.0" } }, "sha512-WypcfiRhfeUP9vvF0j6rw0J3hrWrw6iZv3+22h6iRMJ/8z1Tj6XfLP4DsUix5MhMPnXpiHDoKyoZ/bdCkwBCiQ=="],

    "w3c-xmlserializer": ["w3c-xmlserializer@5.0.0", "", { "dependencies": { "xml-name-validator": "^5.0.0" } }, "sha512-o8qghlI8NZHU1lLPrpi2+Uq7abh4GGPpYANlalzWxyWteJOCsr/P+oPBA49TOLu5FTZO4d3F9MnWJfiMo4BkmA=="],

    "webidl-conversions": ["webidl-conversions@7.0.0", "", {}, "sha512-VwddBukDzu71offAQR975unBIGqfKZpM+8ZX6ySk8nYhVoo5CYaZyzt3YBvYtRtO+aoGlqxPg/B87NGVZ/fu6g=="],

    "whatwg-encoding": ["whatwg-encoding@3.1.1", "", { "dependencies": { "iconv-lite": "0.6.3" } }, "sha512-6qN4hJdMwfYBtE3YBTTHhoeuUrDBPZmbQaxWAqSALV/MeEnR5z1xd8UKud2RAkFoPkmB+hli1TZSnyi84xz1vQ=="],

    "whatwg-mimetype": ["whatwg-mimetype@4.0.0", "", {}, "sha512-QaKxh0eNIi2mE9p2vEdzfagOKHCcj1pJ56EEHGQOVxp8r9/iszLUUV7v89x9O1p/T+NlTM5W7jW6+cz4Fq1YVg=="],

    "whatwg-url": ["whatwg-url@14.2.0", "", { "dependencies": { "tr46": "^5.1.0", "webidl-conversions": "^7.0.0" } }, "sha512-De72GdQZzNTUBBChsXueQUnPKDkg/5A5zp7pFDuQAj5UFoENpiACU0wlCvzpAGnTkj++ihpKwKyYewn/XNUbKw=="],

    "ws": ["ws@8.18.1", "", { "peerDependencies": { "bufferutil": "^4.0.1", "utf-8-validate": ">=5.0.2" }, "optionalPeers": ["bufferutil", "utf-8-validate"] }, "sha512-RKW2aJZMXeMxVpnZ6bck+RswznaxmzdULiBr6KY7XkTnW8uvt0iT9H5DkHUChXrc+uurzwa0rVI16n/Xzjdz1w=="],

    "xml-name-validator": ["xml-name-validator@5.0.0", "", {}, "sha512-EvGK8EJ3DhaHfbRlETOWAS5pO9MZITeauHKJyb8wyajUfQUenkIg2MvLDTZ4T/TgIcm3HU0TFBgWWboAZ30UHg=="],

    "xmlchars": ["xmlchars@2.2.0", "", {}, "sha512-JZnDKK8B0RCDw84FNdDAIpZK+JuJw+s7Lz8nksI7SIuU3UXJJslUthsi+uWBUYOwPFwW7W7PRLRfUKpxjtjFCw=="],

    "cssstyle/rrweb-cssom": ["rrweb-cssom@0.8.0", "", {}, "sha512-guoltQEx+9aMf2gDZ0s62EcV8lsXR+0w8915TC3ITdn2YueuNjdAYh/levpU9nFaoChh9RUS5ZdQMrKfVEN9tw=="],
  }
}
